// !$*UTF8*$!
{
	archiveVersion = 1;
	classes = {
	};
	objectVersion = 50;
	objects = {

/* Begin PBXBuildFile section */
		22F5EBC15B510D9DA1F3DD62 /* Pods_simple_weather_appTests.framework in Frameworks */ = {isa = PBXBuildFile; fileRef = 9F9943312C85B4DA16FC1AD3 /* Pods_simple_weather_appTests.framework */; };
		5E0147954A0B2223FC08D053 /* Pods_simple_weather_appUITests.framework in Frameworks */ = {isa = PBXBuildFile; fileRef = A4CF64E52646C80B6B59738C /* Pods_simple_weather_appUITests.framework */; };
		8043649D22D5097F000E51E0 /* DateExtension.swift in Sources */ = {isa = PBXBuildFile; fileRef = 8043649C22D5097F000E51E0 /* DateExtension.swift */; };
		8043649F22D509D2000E51E0 /* UIImageExtension.swift in Sources */ = {isa = PBXBuildFile; fileRef = 8043649E22D509D2000E51E0 /* UIImageExtension.swift */; };
		804364A122D50E5A000E51E0 /* UIFontExtension.swift in Sources */ = {isa = PBXBuildFile; fileRef = 804364A022D50E5A000E51E0 /* UIFontExtension.swift */; };
		805E36C022D4C026009EECC8 /* SearchWeatherViewController.swift in Sources */ = {isa = PBXBuildFile; fileRef = 805E36BF22D4C026009EECC8 /* SearchWeatherViewController.swift */; };
		805E36C222D4F9CF009EECC8 /* WeatherViewModel.swift in Sources */ = {isa = PBXBuildFile; fileRef = 805E36C122D4F9CF009EECC8 /* WeatherViewModel.swift */; };
		805F05BC22D4A630008608BB /* ForecastModel.swift in Sources */ = {isa = PBXBuildFile; fileRef = 805F05BB22D4A630008608BB /* ForecastModel.swift */; };
		80D9068E22D4FFDC00C45FB9 /* UIColorExtension.swift in Sources */ = {isa = PBXBuildFile; fileRef = 80D9068D22D4FFDC00C45FB9 /* UIColorExtension.swift */; };
		80F45F0222D3B7680043FA2E /* AppDelegate.swift in Sources */ = {isa = PBXBuildFile; fileRef = 80F45F0122D3B7680043FA2E /* AppDelegate.swift */; };
		80F45F0922D3B76A0043FA2E /* Assets.xcassets in Resources */ = {isa = PBXBuildFile; fileRef = 80F45F0822D3B76A0043FA2E /* Assets.xcassets */; };
		80F45F0C22D3B76A0043FA2E /* LaunchScreen.storyboard in Resources */ = {isa = PBXBuildFile; fileRef = 80F45F0A22D3B76A0043FA2E /* LaunchScreen.storyboard */; };
		80F45F1722D3B76A0043FA2E /* simple_weather_appTests.swift in Sources */ = {isa = PBXBuildFile; fileRef = 80F45F1622D3B76A0043FA2E /* simple_weather_appTests.swift */; };
		80F45F2222D3B76A0043FA2E /* simple_weather_appUITests.swift in Sources */ = {isa = PBXBuildFile; fileRef = 80F45F2122D3B76A0043FA2E /* simple_weather_appUITests.swift */; };
		80F45F3422D3BA920043FA2E /* Constants.swift in Sources */ = {isa = PBXBuildFile; fileRef = 80F45F3322D3BA920043FA2E /* Constants.swift */; };
		80F45F4022D3C5850043FA2E /* ForecastCollectionViewCell.swift in Sources */ = {isa = PBXBuildFile; fileRef = 80F45F3F22D3C5840043FA2E /* ForecastCollectionViewCell.swift */; };
		80F45F4722D3F77E0043FA2E /* WeatherViewController.swift in Sources */ = {isa = PBXBuildFile; fileRef = 80F45F4622D3F77E0043FA2E /* WeatherViewController.swift */; };
		E80D7DC58B535C5237EA52E8 /* Pods_simple_weather_app.framework in Frameworks */ = {isa = PBXBuildFile; fileRef = 0DF4CB561505E2BC5F4F131B /* Pods_simple_weather_app.framework */; };
/* End PBXBuildFile section */

/* Begin PBXContainerItemProxy section */
		80F45F1322D3B76A0043FA2E /* PBXContainerItemProxy */ = {
			isa = PBXContainerItemProxy;
			containerPortal = 80F45EF622D3B7680043FA2E /* Project object */;
			proxyType = 1;
			remoteGlobalIDString = 80F45EFD22D3B7680043FA2E;
			remoteInfo = "simple-weather-app";
		};
		80F45F1E22D3B76A0043FA2E /* PBXContainerItemProxy */ = {
			isa = PBXContainerItemProxy;
			containerPortal = 80F45EF622D3B7680043FA2E /* Project object */;
			proxyType = 1;
			remoteGlobalIDString = 80F45EFD22D3B7680043FA2E;
			remoteInfo = "simple-weather-app";
		};
/* End PBXContainerItemProxy section */

/* Begin PBXFileReference section */
		0DF4CB561505E2BC5F4F131B /* Pods_simple_weather_app.framework */ = {isa = PBXFileReference; explicitFileType = wrapper.framework; includeInIndex = 0; path = Pods_simple_weather_app.framework; sourceTree = BUILT_PRODUCTS_DIR; };
		162A942DB52A1A6FCD7C661D /* Pods-simple-weather-app.debug.xcconfig */ = {isa = PBXFileReference; includeInIndex = 1; lastKnownFileType = text.xcconfig; name = "Pods-simple-weather-app.debug.xcconfig"; path = "Target Support Files/Pods-simple-weather-app/Pods-simple-weather-app.debug.xcconfig"; sourceTree = "<group>"; };
		27348DC14C740C22C66AE75A /* Pods-simple-weather-appTests.release.xcconfig */ = {isa = PBXFileReference; includeInIndex = 1; lastKnownFileType = text.xcconfig; name = "Pods-simple-weather-appTests.release.xcconfig"; path = "Target Support Files/Pods-simple-weather-appTests/Pods-simple-weather-appTests.release.xcconfig"; sourceTree = "<group>"; };
		7044D93947BBAC2576F94DB6 /* Pods-simple-weather-appTests.debug.xcconfig */ = {isa = PBXFileReference; includeInIndex = 1; lastKnownFileType = text.xcconfig; name = "Pods-simple-weather-appTests.debug.xcconfig"; path = "Target Support Files/Pods-simple-weather-appTests/Pods-simple-weather-appTests.debug.xcconfig"; sourceTree = "<group>"; };
		728F3EFE303D6C028CA9701C /* Pods-simple-weather-appUITests.release.xcconfig */ = {isa = PBXFileReference; includeInIndex = 1; lastKnownFileType = text.xcconfig; name = "Pods-simple-weather-appUITests.release.xcconfig"; path = "Target Support Files/Pods-simple-weather-appUITests/Pods-simple-weather-appUITests.release.xcconfig"; sourceTree = "<group>"; };
		8043649C22D5097F000E51E0 /* DateExtension.swift */ = {isa = PBXFileReference; lastKnownFileType = sourcecode.swift; path = DateExtension.swift; sourceTree = "<group>"; };
		8043649E22D509D2000E51E0 /* UIImageExtension.swift */ = {isa = PBXFileReference; lastKnownFileType = sourcecode.swift; path = UIImageExtension.swift; sourceTree = "<group>"; };
		804364A022D50E5A000E51E0 /* UIFontExtension.swift */ = {isa = PBXFileReference; lastKnownFileType = sourcecode.swift; path = UIFontExtension.swift; sourceTree = "<group>"; };
		805E36BF22D4C026009EECC8 /* SearchWeatherViewController.swift */ = {isa = PBXFileReference; lastKnownFileType = sourcecode.swift; path = SearchWeatherViewController.swift; sourceTree = "<group>"; };
		805E36C122D4F9CF009EECC8 /* WeatherViewModel.swift */ = {isa = PBXFileReference; lastKnownFileType = sourcecode.swift; path = WeatherViewModel.swift; sourceTree = "<group>"; };
		805F05BB22D4A630008608BB /* ForecastModel.swift */ = {isa = PBXFileReference; lastKnownFileType = sourcecode.swift; path = ForecastModel.swift; sourceTree = "<group>"; };
		80D9068D22D4FFDC00C45FB9 /* UIColorExtension.swift */ = {isa = PBXFileReference; lastKnownFileType = sourcecode.swift; path = UIColorExtension.swift; sourceTree = "<group>"; };
		80F45EFE22D3B7680043FA2E /* simple-weather-app.app */ = {isa = PBXFileReference; explicitFileType = wrapper.application; includeInIndex = 0; path = "simple-weather-app.app"; sourceTree = BUILT_PRODUCTS_DIR; };
		80F45F0122D3B7680043FA2E /* AppDelegate.swift */ = {isa = PBXFileReference; lastKnownFileType = sourcecode.swift; path = AppDelegate.swift; sourceTree = "<group>"; };
		80F45F0822D3B76A0043FA2E /* Assets.xcassets */ = {isa = PBXFileReference; lastKnownFileType = folder.assetcatalog; path = Assets.xcassets; sourceTree = "<group>"; };
		80F45F0B22D3B76A0043FA2E /* Base */ = {isa = PBXFileReference; lastKnownFileType = file.storyboard; name = Base; path = Base.lproj/LaunchScreen.storyboard; sourceTree = "<group>"; };
		80F45F0D22D3B76A0043FA2E /* Info.plist */ = {isa = PBXFileReference; lastKnownFileType = text.plist.xml; path = Info.plist; sourceTree = "<group>"; };
		80F45F1222D3B76A0043FA2E /* simple-weather-appTests.xctest */ = {isa = PBXFileReference; explicitFileType = wrapper.cfbundle; includeInIndex = 0; path = "simple-weather-appTests.xctest"; sourceTree = BUILT_PRODUCTS_DIR; };
		80F45F1622D3B76A0043FA2E /* simple_weather_appTests.swift */ = {isa = PBXFileReference; lastKnownFileType = sourcecode.swift; path = simple_weather_appTests.swift; sourceTree = "<group>"; };
		80F45F1822D3B76A0043FA2E /* Info.plist */ = {isa = PBXFileReference; lastKnownFileType = text.plist.xml; path = Info.plist; sourceTree = "<group>"; };
		80F45F1D22D3B76A0043FA2E /* simple-weather-appUITests.xctest */ = {isa = PBXFileReference; explicitFileType = wrapper.cfbundle; includeInIndex = 0; path = "simple-weather-appUITests.xctest"; sourceTree = BUILT_PRODUCTS_DIR; };
		80F45F2122D3B76A0043FA2E /* simple_weather_appUITests.swift */ = {isa = PBXFileReference; lastKnownFileType = sourcecode.swift; path = simple_weather_appUITests.swift; sourceTree = "<group>"; };
		80F45F2322D3B76A0043FA2E /* Info.plist */ = {isa = PBXFileReference; lastKnownFileType = text.plist.xml; path = Info.plist; sourceTree = "<group>"; };
		80F45F3322D3BA920043FA2E /* Constants.swift */ = {isa = PBXFileReference; lastKnownFileType = sourcecode.swift; path = Constants.swift; sourceTree = "<group>"; };
		80F45F3F22D3C5840043FA2E /* ForecastCollectionViewCell.swift */ = {isa = PBXFileReference; lastKnownFileType = sourcecode.swift; path = ForecastCollectionViewCell.swift; sourceTree = "<group>"; };
		80F45F4622D3F77E0043FA2E /* WeatherViewController.swift */ = {isa = PBXFileReference; lastKnownFileType = sourcecode.swift; path = WeatherViewController.swift; sourceTree = "<group>"; };
		9D316443867ED1F009974EEE /* Pods-simple-weather-appUITests.debug.xcconfig */ = {isa = PBXFileReference; includeInIndex = 1; lastKnownFileType = text.xcconfig; name = "Pods-simple-weather-appUITests.debug.xcconfig"; path = "Target Support Files/Pods-simple-weather-appUITests/Pods-simple-weather-appUITests.debug.xcconfig"; sourceTree = "<group>"; };
		9F9943312C85B4DA16FC1AD3 /* Pods_simple_weather_appTests.framework */ = {isa = PBXFileReference; explicitFileType = wrapper.framework; includeInIndex = 0; path = Pods_simple_weather_appTests.framework; sourceTree = BUILT_PRODUCTS_DIR; };
		A4CF64E52646C80B6B59738C /* Pods_simple_weather_appUITests.framework */ = {isa = PBXFileReference; explicitFileType = wrapper.framework; includeInIndex = 0; path = Pods_simple_weather_appUITests.framework; sourceTree = BUILT_PRODUCTS_DIR; };
		B8A775ED49E426AAC82D436E /* Pods-simple-weather-app.release.xcconfig */ = {isa = PBXFileReference; includeInIndex = 1; lastKnownFileType = text.xcconfig; name = "Pods-simple-weather-app.release.xcconfig"; path = "Target Support Files/Pods-simple-weather-app/Pods-simple-weather-app.release.xcconfig"; sourceTree = "<group>"; };
/* End PBXFileReference section */

/* Begin PBXFrameworksBuildPhase section */
		80F45EFB22D3B7680043FA2E /* Frameworks */ = {
			isa = PBXFrameworksBuildPhase;
			buildActionMask = 2147483647;
			files = (
				E80D7DC58B535C5237EA52E8 /* Pods_simple_weather_app.framework in Frameworks */,
			);
			runOnlyForDeploymentPostprocessing = 0;
		};
		80F45F0F22D3B76A0043FA2E /* Frameworks */ = {
			isa = PBXFrameworksBuildPhase;
			buildActionMask = 2147483647;
			files = (
				22F5EBC15B510D9DA1F3DD62 /* Pods_simple_weather_appTests.framework in Frameworks */,
			);
			runOnlyForDeploymentPostprocessing = 0;
		};
		80F45F1A22D3B76A0043FA2E /* Frameworks */ = {
			isa = PBXFrameworksBuildPhase;
			buildActionMask = 2147483647;
			files = (
				5E0147954A0B2223FC08D053 /* Pods_simple_weather_appUITests.framework in Frameworks */,
			);
			runOnlyForDeploymentPostprocessing = 0;
		};
/* End PBXFrameworksBuildPhase section */

/* Begin PBXGroup section */
		0D9CF96B8A548AE7D161E271 /* Pods */ = {
			isa = PBXGroup;
			children = (
				162A942DB52A1A6FCD7C661D /* Pods-simple-weather-app.debug.xcconfig */,
				B8A775ED49E426AAC82D436E /* Pods-simple-weather-app.release.xcconfig */,
				7044D93947BBAC2576F94DB6 /* Pods-simple-weather-appTests.debug.xcconfig */,
				27348DC14C740C22C66AE75A /* Pods-simple-weather-appTests.release.xcconfig */,
				9D316443867ED1F009974EEE /* Pods-simple-weather-appUITests.debug.xcconfig */,
				728F3EFE303D6C028CA9701C /* Pods-simple-weather-appUITests.release.xcconfig */,
			);
			path = Pods;
			sourceTree = "<group>";
		};
		805E36C322D4FF8A009EECC8 /* Utils */ = {
			isa = PBXGroup;
			children = (
				80D9068D22D4FFDC00C45FB9 /* UIColorExtension.swift */,
				8043649C22D5097F000E51E0 /* DateExtension.swift */,
				8043649E22D509D2000E51E0 /* UIImageExtension.swift */,
				804364A022D50E5A000E51E0 /* UIFontExtension.swift */,
			);
			path = Utils;
			sourceTree = "<group>";
		};
		80F45EF522D3B7680043FA2E = {
			isa = PBXGroup;
			children = (
				80F45F0022D3B7680043FA2E /* simple-weather-app */,
				80F45F1522D3B76A0043FA2E /* simple-weather-appTests */,
				80F45F2022D3B76A0043FA2E /* simple-weather-appUITests */,
				80F45EFF22D3B7680043FA2E /* Products */,
				0D9CF96B8A548AE7D161E271 /* Pods */,
				9205F8F6A83EDA923B6A202D /* Frameworks */,
			);
			sourceTree = "<group>";
		};
		80F45EFF22D3B7680043FA2E /* Products */ = {
			isa = PBXGroup;
			children = (
				80F45EFE22D3B7680043FA2E /* simple-weather-app.app */,
				80F45F1222D3B76A0043FA2E /* simple-weather-appTests.xctest */,
				80F45F1D22D3B76A0043FA2E /* simple-weather-appUITests.xctest */,
			);
			name = Products;
			sourceTree = "<group>";
		};
		80F45F0022D3B7680043FA2E /* simple-weather-app */ = {
			isa = PBXGroup;
			children = (
				805E36C322D4FF8A009EECC8 /* Utils */,
				80F45F3622D3BAD90043FA2E /* ViewController */,
				80F45F3522D3BACD0043FA2E /* View */,
				80F45F3222D3BA810043FA2E /* App */,
				80F45F3022D3BA5F0043FA2E /* ViewModel */,
				80F45F0822D3B76A0043FA2E /* Assets.xcassets */,
				80F45F0A22D3B76A0043FA2E /* LaunchScreen.storyboard */,
				80F45F0D22D3B76A0043FA2E /* Info.plist */,
				805F05BB22D4A630008608BB /* ForecastModel.swift */,
			);
			path = "simple-weather-app";
			sourceTree = "<group>";
		};
		80F45F1522D3B76A0043FA2E /* simple-weather-appTests */ = {
			isa = PBXGroup;
			children = (
				80F45F1622D3B76A0043FA2E /* simple_weather_appTests.swift */,
				80F45F1822D3B76A0043FA2E /* Info.plist */,
			);
			path = "simple-weather-appTests";
			sourceTree = "<group>";
		};
		80F45F2022D3B76A0043FA2E /* simple-weather-appUITests */ = {
			isa = PBXGroup;
			children = (
				80F45F2122D3B76A0043FA2E /* simple_weather_appUITests.swift */,
				80F45F2322D3B76A0043FA2E /* Info.plist */,
			);
			path = "simple-weather-appUITests";
			sourceTree = "<group>";
		};
		80F45F3022D3BA5F0043FA2E /* ViewModel */ = {
			isa = PBXGroup;
			children = (
				805E36C122D4F9CF009EECC8 /* WeatherViewModel.swift */,
			);
			path = ViewModel;
			sourceTree = "<group>";
		};
		80F45F3222D3BA810043FA2E /* App */ = {
			isa = PBXGroup;
			children = (
				80F45F3322D3BA920043FA2E /* Constants.swift */,
				80F45F0122D3B7680043FA2E /* AppDelegate.swift */,
			);
			path = App;
			sourceTree = "<group>";
		};
		80F45F3522D3BACD0043FA2E /* View */ = {
			isa = PBXGroup;
			children = (
				80F45F3F22D3C5840043FA2E /* ForecastCollectionViewCell.swift */,
			);
			path = View;
			sourceTree = "<group>";
		};
		80F45F3622D3BAD90043FA2E /* ViewController */ = {
			isa = PBXGroup;
			children = (
				80F45F4622D3F77E0043FA2E /* WeatherViewController.swift */,
				805E36BF22D4C026009EECC8 /* SearchWeatherViewController.swift */,
			);
			path = ViewController;
			sourceTree = "<group>";
		};
		9205F8F6A83EDA923B6A202D /* Frameworks */ = {
			isa = PBXGroup;
			children = (
				0DF4CB561505E2BC5F4F131B /* Pods_simple_weather_app.framework */,
				9F9943312C85B4DA16FC1AD3 /* Pods_simple_weather_appTests.framework */,
				A4CF64E52646C80B6B59738C /* Pods_simple_weather_appUITests.framework */,
			);
			name = Frameworks;
			sourceTree = "<group>";
		};
/* End PBXGroup section */

/* Begin PBXNativeTarget section */
		80F45EFD22D3B7680043FA2E /* simple-weather-app */ = {
			isa = PBXNativeTarget;
			buildConfigurationList = 80F45F2622D3B76A0043FA2E /* Build configuration list for PBXNativeTarget "simple-weather-app" */;
			buildPhases = (
				62B23B65CB21B9B0C1F4DB4A /* [CP] Check Pods Manifest.lock */,
				80F45EFA22D3B7680043FA2E /* Sources */,
				80F45EFB22D3B7680043FA2E /* Frameworks */,
				80F45EFC22D3B7680043FA2E /* Resources */,
				E55D0757324087022A193A82 /* [CP] Embed Pods Frameworks */,
			);
			buildRules = (
			);
			dependencies = (
			);
			name = "simple-weather-app";
			productName = "simple-weather-app";
			productReference = 80F45EFE22D3B7680043FA2E /* simple-weather-app.app */;
			productType = "com.apple.product-type.application";
		};
		80F45F1122D3B76A0043FA2E /* simple-weather-appTests */ = {
			isa = PBXNativeTarget;
			buildConfigurationList = 80F45F2922D3B76A0043FA2E /* Build configuration list for PBXNativeTarget "simple-weather-appTests" */;
			buildPhases = (
				9FBD92C4B9B906AB6116FC91 /* [CP] Check Pods Manifest.lock */,
				80F45F0E22D3B76A0043FA2E /* Sources */,
				80F45F0F22D3B76A0043FA2E /* Frameworks */,
				80F45F1022D3B76A0043FA2E /* Resources */,
			);
			buildRules = (
			);
			dependencies = (
				80F45F1422D3B76A0043FA2E /* PBXTargetDependency */,
			);
			name = "simple-weather-appTests";
			productName = "simple-weather-appTests";
			productReference = 80F45F1222D3B76A0043FA2E /* simple-weather-appTests.xctest */;
			productType = "com.apple.product-type.bundle.unit-test";
		};
		80F45F1C22D3B76A0043FA2E /* simple-weather-appUITests */ = {
			isa = PBXNativeTarget;
			buildConfigurationList = 80F45F2C22D3B76A0043FA2E /* Build configuration list for PBXNativeTarget "simple-weather-appUITests" */;
			buildPhases = (
				E8B545198A9E51793D54BA68 /* [CP] Check Pods Manifest.lock */,
				80F45F1922D3B76A0043FA2E /* Sources */,
				80F45F1A22D3B76A0043FA2E /* Frameworks */,
				80F45F1B22D3B76A0043FA2E /* Resources */,
			);
			buildRules = (
			);
			dependencies = (
				80F45F1F22D3B76A0043FA2E /* PBXTargetDependency */,
			);
			name = "simple-weather-appUITests";
			productName = "simple-weather-appUITests";
			productReference = 80F45F1D22D3B76A0043FA2E /* simple-weather-appUITests.xctest */;
			productType = "com.apple.product-type.bundle.ui-testing";
		};
/* End PBXNativeTarget section */

/* Begin PBXProject section */
		80F45EF622D3B7680043FA2E /* Project object */ = {
			isa = PBXProject;
			attributes = {
				LastSwiftUpdateCheck = 1020;
				LastUpgradeCheck = 1020;
				ORGANIZATIONNAME = "Adrian Kasiczak";
				TargetAttributes = {
					80F45EFD22D3B7680043FA2E = {
						CreatedOnToolsVersion = 10.2.1;
					};
					80F45F1122D3B76A0043FA2E = {
						CreatedOnToolsVersion = 10.2.1;
						TestTargetID = 80F45EFD22D3B7680043FA2E;
					};
					80F45F1C22D3B76A0043FA2E = {
						CreatedOnToolsVersion = 10.2.1;
						TestTargetID = 80F45EFD22D3B7680043FA2E;
					};
				};
			};
			buildConfigurationList = 80F45EF922D3B7680043FA2E /* Build configuration list for PBXProject "simple-weather-app" */;
			compatibilityVersion = "Xcode 9.3";
			developmentRegion = en;
			hasScannedForEncodings = 0;
			knownRegions = (
				en,
				Base,
			);
			mainGroup = 80F45EF522D3B7680043FA2E;
			productRefGroup = 80F45EFF22D3B7680043FA2E /* Products */;
			projectDirPath = "";
			projectRoot = "";
			targets = (
				80F45EFD22D3B7680043FA2E /* simple-weather-app */,
				80F45F1122D3B76A0043FA2E /* simple-weather-appTests */,
				80F45F1C22D3B76A0043FA2E /* simple-weather-appUITests */,
			);
		};
/* End PBXProject section */

/* Begin PBXResourcesBuildPhase section */
		80F45EFC22D3B7680043FA2E /* Resources */ = {
			isa = PBXResourcesBuildPhase;
			buildActionMask = 2147483647;
			files = (
				80F45F0C22D3B76A0043FA2E /* LaunchScreen.storyboard in Resources */,
				80F45F0922D3B76A0043FA2E /* Assets.xcassets in Resources */,
			);
			runOnlyForDeploymentPostprocessing = 0;
		};
		80F45F1022D3B76A0043FA2E /* Resources */ = {
			isa = PBXResourcesBuildPhase;
			buildActionMask = 2147483647;
			files = (
			);
			runOnlyForDeploymentPostprocessing = 0;
		};
		80F45F1B22D3B76A0043FA2E /* Resources */ = {
			isa = PBXResourcesBuildPhase;
			buildActionMask = 2147483647;
			files = (
			);
			runOnlyForDeploymentPostprocessing = 0;
		};
/* End PBXResourcesBuildPhase section */

/* Begin PBXShellScriptBuildPhase section */
		62B23B65CB21B9B0C1F4DB4A /* [CP] Check Pods Manifest.lock */ = {
			isa = PBXShellScriptBuildPhase;
			buildActionMask = 2147483647;
			files = (
			);
			inputFileListPaths = (
			);
			inputPaths = (
				"${PODS_PODFILE_DIR_PATH}/Podfile.lock",
				"${PODS_ROOT}/Manifest.lock",
			);
			name = "[CP] Check Pods Manifest.lock";
			outputFileListPaths = (
			);
			outputPaths = (
				"$(DERIVED_FILE_DIR)/Pods-simple-weather-app-checkManifestLockResult.txt",
			);
			runOnlyForDeploymentPostprocessing = 0;
			shellPath = /bin/sh;
			shellScript = "diff \"${PODS_PODFILE_DIR_PATH}/Podfile.lock\" \"${PODS_ROOT}/Manifest.lock\" > /dev/null\nif [ $? != 0 ] ; then\n    # print error to STDERR\n    echo \"error: The sandbox is not in sync with the Podfile.lock. Run 'pod install' or update your CocoaPods installation.\" >&2\n    exit 1\nfi\n# This output is used by Xcode 'outputs' to avoid re-running this script phase.\necho \"SUCCESS\" > \"${SCRIPT_OUTPUT_FILE_0}\"\n";
			showEnvVarsInLog = 0;
		};
		9FBD92C4B9B906AB6116FC91 /* [CP] Check Pods Manifest.lock */ = {
			isa = PBXShellScriptBuildPhase;
			buildActionMask = 2147483647;
			files = (
			);
			inputFileListPaths = (
			);
			inputPaths = (
				"${PODS_PODFILE_DIR_PATH}/Podfile.lock",
				"${PODS_ROOT}/Manifest.lock",
			);
			name = "[CP] Check Pods Manifest.lock";
			outputFileListPaths = (
			);
			outputPaths = (
				"$(DERIVED_FILE_DIR)/Pods-simple-weather-appTests-checkManifestLockResult.txt",
			);
			runOnlyForDeploymentPostprocessing = 0;
			shellPath = /bin/sh;
			shellScript = "diff \"${PODS_PODFILE_DIR_PATH}/Podfile.lock\" \"${PODS_ROOT}/Manifest.lock\" > /dev/null\nif [ $? != 0 ] ; then\n    # print error to STDERR\n    echo \"error: The sandbox is not in sync with the Podfile.lock. Run 'pod install' or update your CocoaPods installation.\" >&2\n    exit 1\nfi\n# This output is used by Xcode 'outputs' to avoid re-running this script phase.\necho \"SUCCESS\" > \"${SCRIPT_OUTPUT_FILE_0}\"\n";
			showEnvVarsInLog = 0;
		};
		E55D0757324087022A193A82 /* [CP] Embed Pods Frameworks */ = {
			isa = PBXShellScriptBuildPhase;
			buildActionMask = 2147483647;
			files = (
			);
			inputFileListPaths = (
			);
			inputPaths = (
				"${PODS_ROOT}/Target Support Files/Pods-simple-weather-app/Pods-simple-weather-app-frameworks.sh",
				"${BUILT_PRODUCTS_DIR}/Alamofire/Alamofire.framework",
				"${BUILT_PRODUCTS_DIR}/SwiftyJSON/SwiftyJSON.framework",
			);
			name = "[CP] Embed Pods Frameworks";
			outputFileListPaths = (
			);
			outputPaths = (
				"${TARGET_BUILD_DIR}/${FRAMEWORKS_FOLDER_PATH}/Alamofire.framework",
				"${TARGET_BUILD_DIR}/${FRAMEWORKS_FOLDER_PATH}/SwiftyJSON.framework",
			);
			runOnlyForDeploymentPostprocessing = 0;
			shellPath = /bin/sh;
			shellScript = "\"${PODS_ROOT}/Target Support Files/Pods-simple-weather-app/Pods-simple-weather-app-frameworks.sh\"\n";
			showEnvVarsInLog = 0;
		};
		E8B545198A9E51793D54BA68 /* [CP] Check Pods Manifest.lock */ = {
			isa = PBXShellScriptBuildPhase;
			buildActionMask = 2147483647;
			files = (
			);
			inputFileListPaths = (
			);
			inputPaths = (
				"${PODS_PODFILE_DIR_PATH}/Podfile.lock",
				"${PODS_ROOT}/Manifest.lock",
			);
			name = "[CP] Check Pods Manifest.lock";
			outputFileListPaths = (
			);
			outputPaths = (
				"$(DERIVED_FILE_DIR)/Pods-simple-weather-appUITests-checkManifestLockResult.txt",
			);
			runOnlyForDeploymentPostprocessing = 0;
			shellPath = /bin/sh;
			shellScript = "diff \"${PODS_PODFILE_DIR_PATH}/Podfile.lock\" \"${PODS_ROOT}/Manifest.lock\" > /dev/null\nif [ $? != 0 ] ; then\n    # print error to STDERR\n    echo \"error: The sandbox is not in sync with the Podfile.lock. Run 'pod install' or update your CocoaPods installation.\" >&2\n    exit 1\nfi\n# This output is used by Xcode 'outputs' to avoid re-running this script phase.\necho \"SUCCESS\" > \"${SCRIPT_OUTPUT_FILE_0}\"\n";
			showEnvVarsInLog = 0;
		};
/* End PBXShellScriptBuildPhase section */

/* Begin PBXSourcesBuildPhase section */
		80F45EFA22D3B7680043FA2E /* Sources */ = {
			isa = PBXSourcesBuildPhase;
			buildActionMask = 2147483647;
			files = (
				80F45F0222D3B7680043FA2E /* AppDelegate.swift in Sources */,
				80F45F3422D3BA920043FA2E /* Constants.swift in Sources */,
				80F45F4022D3C5850043FA2E /* ForecastCollectionViewCell.swift in Sources */,
				8043649F22D509D2000E51E0 /* UIImageExtension.swift in Sources */,
				80D9068E22D4FFDC00C45FB9 /* UIColorExtension.swift in Sources */,
				8043649D22D5097F000E51E0 /* DateExtension.swift in Sources */,
				805E36C222D4F9CF009EECC8 /* WeatherViewModel.swift in Sources */,
				805E36C022D4C026009EECC8 /* SearchWeatherViewController.swift in Sources */,
				805F05BC22D4A630008608BB /* ForecastModel.swift in Sources */,
				80F45F4722D3F77E0043FA2E /* WeatherViewController.swift in Sources */,
				804364A122D50E5A000E51E0 /* UIFontExtension.swift in Sources */,
			);
			runOnlyForDeploymentPostprocessing = 0;
		};
		80F45F0E22D3B76A0043FA2E /* Sources */ = {
			isa = PBXSourcesBuildPhase;
			buildActionMask = 2147483647;
			files = (
				80F45F1722D3B76A0043FA2E /* simple_weather_appTests.swift in Sources */,
			);
			runOnlyForDeploymentPostprocessing = 0;
		};
		80F45F1922D3B76A0043FA2E /* Sources */ = {
			isa = PBXSourcesBuildPhase;
			buildActionMask = 2147483647;
			files = (
				80F45F2222D3B76A0043FA2E /* simple_weather_appUITests.swift in Sources */,
			);
			runOnlyForDeploymentPostprocessing = 0;
		};
/* End PBXSourcesBuildPhase section */

/* Begin PBXTargetDependency section */
		80F45F1422D3B76A0043FA2E /* PBXTargetDependency */ = {
			isa = PBXTargetDependency;
			target = 80F45EFD22D3B7680043FA2E /* simple-weather-app */;
			targetProxy = 80F45F1322D3B76A0043FA2E /* PBXContainerItemProxy */;
		};
		80F45F1F22D3B76A0043FA2E /* PBXTargetDependency */ = {
			isa = PBXTargetDependency;
			target = 80F45EFD22D3B7680043FA2E /* simple-weather-app */;
			targetProxy = 80F45F1E22D3B76A0043FA2E /* PBXContainerItemProxy */;
		};
/* End PBXTargetDependency section */

/* Begin PBXVariantGroup section */
		80F45F0A22D3B76A0043FA2E /* LaunchScreen.storyboard */ = {
			isa = PBXVariantGroup;
			children = (
				80F45F0B22D3B76A0043FA2E /* Base */,
			);
			name = LaunchScreen.storyboard;
			sourceTree = "<group>";
		};
/* End PBXVariantGroup section */

/* Begin XCBuildConfiguration section */
		80F45F2422D3B76A0043FA2E /* Debug */ = {
			isa = XCBuildConfiguration;
			buildSettings = {
				ALWAYS_SEARCH_USER_PATHS = NO;
				CLANG_ANALYZER_NONNULL = YES;
				CLANG_ANALYZER_NUMBER_OBJECT_CONVERSION = YES_AGGRESSIVE;
				CLANG_CXX_LANGUAGE_STANDARD = "gnu++14";
				CLANG_CXX_LIBRARY = "libc++";
				CLANG_ENABLE_MODULES = YES;
				CLANG_ENABLE_OBJC_ARC = YES;
				CLANG_ENABLE_OBJC_WEAK = YES;
				CLANG_WARN_BLOCK_CAPTURE_AUTORELEASING = YES;
				CLANG_WARN_BOOL_CONVERSION = YES;
				CLANG_WARN_COMMA = YES;
				CLANG_WARN_CONSTANT_CONVERSION = YES;
				CLANG_WARN_DEPRECATED_OBJC_IMPLEMENTATIONS = YES;
				CLANG_WARN_DIRECT_OBJC_ISA_USAGE = YES_ERROR;
				CLANG_WARN_DOCUMENTATION_COMMENTS = YES;
				CLANG_WARN_EMPTY_BODY = YES;
				CLANG_WARN_ENUM_CONVERSION = YES;
				CLANG_WARN_INFINITE_RECURSION = YES;
				CLANG_WARN_INT_CONVERSION = YES;
				CLANG_WARN_NON_LITERAL_NULL_CONVERSION = YES;
				CLANG_WARN_OBJC_IMPLICIT_RETAIN_SELF = YES;
				CLANG_WARN_OBJC_LITERAL_CONVERSION = YES;
				CLANG_WARN_OBJC_ROOT_CLASS = YES_ERROR;
				CLANG_WARN_RANGE_LOOP_ANALYSIS = YES;
				CLANG_WARN_STRICT_PROTOTYPES = YES;
				CLANG_WARN_SUSPICIOUS_MOVE = YES;
				CLANG_WARN_UNGUARDED_AVAILABILITY = YES_AGGRESSIVE;
				CLANG_WARN_UNREACHABLE_CODE = YES;
				CLANG_WARN__DUPLICATE_METHOD_MATCH = YES;
				CODE_SIGN_IDENTITY = "iPhone Developer";
				COPY_PHASE_STRIP = NO;
				DEBUG_INFORMATION_FORMAT = dwarf;
				ENABLE_STRICT_OBJC_MSGSEND = YES;
				ENABLE_TESTABILITY = YES;
				GCC_C_LANGUAGE_STANDARD = gnu11;
				GCC_DYNAMIC_NO_PIC = NO;
				GCC_NO_COMMON_BLOCKS = YES;
				GCC_OPTIMIZATION_LEVEL = 0;
				GCC_PREPROCESSOR_DEFINITIONS = (
					"DEBUG=1",
					"$(inherited)",
				);
				GCC_WARN_64_TO_32_BIT_CONVERSION = YES;
				GCC_WARN_ABOUT_RETURN_TYPE = YES_ERROR;
				GCC_WARN_UNDECLARED_SELECTOR = YES;
				GCC_WARN_UNINITIALIZED_AUTOS = YES_AGGRESSIVE;
				GCC_WARN_UNUSED_FUNCTION = YES;
				GCC_WARN_UNUSED_VARIABLE = YES;
				IPHONEOS_DEPLOYMENT_TARGET = 12.2;
				MTL_ENABLE_DEBUG_INFO = INCLUDE_SOURCE;
				MTL_FAST_MATH = YES;
				ONLY_ACTIVE_ARCH = YES;
				SDKROOT = iphoneos;
				SWIFT_ACTIVE_COMPILATION_CONDITIONS = DEBUG;
				SWIFT_OPTIMIZATION_LEVEL = "-Onone";
			};
			name = Debug;
		};
		80F45F2522D3B76A0043FA2E /* Release */ = {
			isa = XCBuildConfiguration;
			buildSettings = {
				ALWAYS_SEARCH_USER_PATHS = NO;
				CLANG_ANALYZER_NONNULL = YES;
				CLANG_ANALYZER_NUMBER_OBJECT_CONVERSION = YES_AGGRESSIVE;
				CLANG_CXX_LANGUAGE_STANDARD = "gnu++14";
				CLANG_CXX_LIBRARY = "libc++";
				CLANG_ENABLE_MODULES = YES;
				CLANG_ENABLE_OBJC_ARC = YES;
				CLANG_ENABLE_OBJC_WEAK = YES;
				CLANG_WARN_BLOCK_CAPTURE_AUTORELEASING = YES;
				CLANG_WARN_BOOL_CONVERSION = YES;
				CLANG_WARN_COMMA = YES;
				CLANG_WARN_CONSTANT_CONVERSION = YES;
				CLANG_WARN_DEPRECATED_OBJC_IMPLEMENTATIONS = YES;
				CLANG_WARN_DIRECT_OBJC_ISA_USAGE = YES_ERROR;
				CLANG_WARN_DOCUMENTATION_COMMENTS = YES;
				CLANG_WARN_EMPTY_BODY = YES;
				CLANG_WARN_ENUM_CONVERSION = YES;
				CLANG_WARN_INFINITE_RECURSION = YES;
				CLANG_WARN_INT_CONVERSION = YES;
				CLANG_WARN_NON_LITERAL_NULL_CONVERSION = YES;
				CLANG_WARN_OBJC_IMPLICIT_RETAIN_SELF = YES;
				CLANG_WARN_OBJC_LITERAL_CONVERSION = YES;
				CLANG_WARN_OBJC_ROOT_CLASS = YES_ERROR;
				CLANG_WARN_RANGE_LOOP_ANALYSIS = YES;
				CLANG_WARN_STRICT_PROTOTYPES = YES;
				CLANG_WARN_SUSPICIOUS_MOVE = YES;
				CLANG_WARN_UNGUARDED_AVAILABILITY = YES_AGGRESSIVE;
				CLANG_WARN_UNREACHABLE_CODE = YES;
				CLANG_WARN__DUPLICATE_METHOD_MATCH = YES;
				CODE_SIGN_IDENTITY = "iPhone Developer";
				COPY_PHASE_STRIP = NO;
				DEBUG_INFORMATION_FORMAT = "dwarf-with-dsym";
				ENABLE_NS_ASSERTIONS = NO;
				ENABLE_STRICT_OBJC_MSGSEND = YES;
				GCC_C_LANGUAGE_STANDARD = gnu11;
				GCC_NO_COMMON_BLOCKS = YES;
				GCC_WARN_64_TO_32_BIT_CONVERSION = YES;
				GCC_WARN_ABOUT_RETURN_TYPE = YES_ERROR;
				GCC_WARN_UNDECLARED_SELECTOR = YES;
				GCC_WARN_UNINITIALIZED_AUTOS = YES_AGGRESSIVE;
				GCC_WARN_UNUSED_FUNCTION = YES;
				GCC_WARN_UNUSED_VARIABLE = YES;
				IPHONEOS_DEPLOYMENT_TARGET = 12.2;
				MTL_ENABLE_DEBUG_INFO = NO;
				MTL_FAST_MATH = YES;
				SDKROOT = iphoneos;
				SWIFT_COMPILATION_MODE = wholemodule;
				SWIFT_OPTIMIZATION_LEVEL = "-O";
				VALIDATE_PRODUCT = YES;
			};
			name = Release;
		};
		80F45F2722D3B76A0043FA2E /* Debug */ = {
			isa = XCBuildConfiguration;
			baseConfigurationReference = 162A942DB52A1A6FCD7C661D /* Pods-simple-weather-app.debug.xcconfig */;
			buildSettings = {
				ASSETCATALOG_COMPILER_APPICON_NAME = AppIcon;
				CODE_SIGN_STYLE = Automatic;
				DEVELOPMENT_TEAM = PM46SNBXJ6;
				INFOPLIST_FILE = "simple-weather-app/Info.plist";
				LD_RUNPATH_SEARCH_PATHS = (
					"$(inherited)",
					"@executable_path/Frameworks",
				);
				PRODUCT_BUNDLE_IDENTIFIER = "pl.adriankasiczak.simple-weather-app";
				PRODUCT_NAME = "$(TARGET_NAME)";
				SWIFT_VERSION = 5.0;
				TARGETED_DEVICE_FAMILY = "1,2";
			};
			name = Debug;
		};
		80F45F2822D3B76A0043FA2E /* Release */ = {
			isa = XCBuildConfiguration;
			baseConfigurationReference = B8A775ED49E426AAC82D436E /* Pods-simple-weather-app.release.xcconfig */;
			buildSettings = {
				ASSETCATALOG_COMPILER_APPICON_NAME = AppIcon;
				CODE_SIGN_STYLE = Automatic;
				DEVELOPMENT_TEAM = PM46SNBXJ6;
				INFOPLIST_FILE = "simple-weather-app/Info.plist";
				LD_RUNPATH_SEARCH_PATHS = (
					"$(inherited)",
					"@executable_path/Frameworks",
				);
				PRODUCT_BUNDLE_IDENTIFIER = "pl.adriankasiczak.simple-weather-app";
				PRODUCT_NAME = "$(TARGET_NAME)";
				SWIFT_VERSION = 5.0;
				TARGETED_DEVICE_FAMILY = "1,2";
			};
			name = Release;
		};
		80F45F2A22D3B76A0043FA2E /* Debug */ = {
			isa = XCBuildConfiguration;
			baseConfigurationReference = 7044D93947BBAC2576F94DB6 /* Pods-simple-weather-appTests.debug.xcconfig */;
			buildSettings = {
				ALWAYS_EMBED_SWIFT_STANDARD_LIBRARIES = YES;
				BUNDLE_LOADER = "$(TEST_HOST)";
				CODE_SIGN_STYLE = Automatic;
				DEVELOPMENT_TEAM = PM46SNBXJ6;
				INFOPLIST_FILE = "simple-weather-appTests/Info.plist";
				LD_RUNPATH_SEARCH_PATHS = (
					"$(inherited)",
					"@executable_path/Frameworks",
					"@loader_path/Frameworks",
				);
				PRODUCT_BUNDLE_IDENTIFIER = "pl.adriankasiczak.simple-weather-appTests";
				PRODUCT_NAME = "$(TARGET_NAME)";
				SWIFT_VERSION = 5.0;
				TARGETED_DEVICE_FAMILY = "1,2";
				TEST_HOST = "$(BUILT_PRODUCTS_DIR)/simple-weather-app.app/simple-weather-app";
			};
			name = Debug;
		};
		80F45F2B22D3B76A0043FA2E /* Release */ = {
			isa = XCBuildConfiguration;
			baseConfigurationReference = 27348DC14C740C22C66AE75A /* Pods-simple-weather-appTests.release.xcconfig */;
			buildSettings = {
				ALWAYS_EMBED_SWIFT_STANDARD_LIBRARIES = YES;
				BUNDLE_LOADER = "$(TEST_HOST)";
				CODE_SIGN_STYLE = Automatic;
				DEVELOPMENT_TEAM = PM46SNBXJ6;
				INFOPLIST_FILE = "simple-weather-appTests/Info.plist";
				LD_RUNPATH_SEARCH_PATHS = (
					"$(inherited)",
					"@executable_path/Frameworks",
					"@loader_path/Frameworks",
				);
				PRODUCT_BUNDLE_IDENTIFIER = "pl.adriankasiczak.simple-weather-appTests";
				PRODUCT_NAME = "$(TARGET_NAME)";
				SWIFT_VERSION = 5.0;
				TARGETED_DEVICE_FAMILY = "1,2";
				TEST_HOST = "$(BUILT_PRODUCTS_DIR)/simple-weather-app.app/simple-weather-app";
			};
			name = Release;
		};
		80F45F2D22D3B76A0043FA2E /* Debug */ = {
			isa = XCBuildConfiguration;
			baseConfigurationReference = 9D316443867ED1F009974EEE /* Pods-simple-weather-appUITests.debug.xcconfig */;
			buildSettings = {
				ALWAYS_EMBED_SWIFT_STANDARD_LIBRARIES = YES;
				CODE_SIGN_STYLE = Automatic;
				DEVELOPMENT_TEAM = PM46SNBXJ6;
				INFOPLIST_FILE = "simple-weather-appUITests/Info.plist";
				LD_RUNPATH_SEARCH_PATHS = (
					"$(inherited)",
					"@executable_path/Frameworks",
					"@loader_path/Frameworks",
				);
				PRODUCT_BUNDLE_IDENTIFIER = "pl.adriankasiczak.simple-weather-appUITests";
				PRODUCT_NAME = "$(TARGET_NAME)";
				SWIFT_VERSION = 5.0;
				TARGETED_DEVICE_FAMILY = "1,2";
				TEST_TARGET_NAME = "simple-weather-app";
			};
			name = Debug;
		};
		80F45F2E22D3B76A0043FA2E /* Release */ = {
			isa = XCBuildConfiguration;
			baseConfigurationReference = 728F3EFE303D6C028CA9701C /* Pods-simple-weather-appUITests.release.xcconfig */;
			buildSettings = {
				ALWAYS_EMBED_SWIFT_STANDARD_LIBRARIES = YES;
				CODE_SIGN_STYLE = Automatic;
				DEVELOPMENT_TEAM = PM46SNBXJ6;
				INFOPLIST_FILE = "simple-weather-appUITests/Info.plist";
				LD_RUNPATH_SEARCH_PATHS = (
					"$(inherited)",
					"@executable_path/Frameworks",
					"@loader_path/Frameworks",
				);
				PRODUCT_BUNDLE_IDENTIFIER = "pl.adriankasiczak.simple-weather-appUITests";
				PRODUCT_NAME = "$(TARGET_NAME)";
				SWIFT_VERSION = 5.0;
				TARGETED_DEVICE_FAMILY = "1,2";
				TEST_TARGET_NAME = "simple-weather-app";
			};
			name = Release;
		};
/* End XCBuildConfiguration section */

/* Begin XCConfigurationList section */
		80F45EF922D3B7680043FA2E /* Build configuration list for PBXProject "simple-weather-app" */ = {
			isa = XCConfigurationList;
			buildConfigurations = (
				80F45F2422D3B76A0043FA2E /* Debug */,
				80F45F2522D3B76A0043FA2E /* Release */,
			);
			defaultConfigurationIsVisible = 0;
			defaultConfigurationName = Release;
		};
		80F45F2622D3B76A0043FA2E /* Build configuration list for PBXNativeTarget "simple-weather-app" */ = {
			isa = XCConfigurationList;
			buildConfigurations = (
				80F45F2722D3B76A0043FA2E /* Debug */,
				80F45F2822D3B76A0043FA2E /* Release */,
			);
			defaultConfigurationIsVisible = 0;
			defaultConfigurationName = Release;
		};
		80F45F2922D3B76A0043FA2E /* Build configuration list for PBXNativeTarget "simple-weather-appTests" */ = {
			isa = XCConfigurationList;
			buildConfigurations = (
				80F45F2A22D3B76A0043FA2E /* Debug */,
				80F45F2B22D3B76A0043FA2E /* Release */,
			);
			defaultConfigurationIsVisible = 0;
			defaultConfigurationName = Release;
		};
		80F45F2C22D3B76A0043FA2E /* Build configuration list for PBXNativeTarget "simple-weather-appUITests" */ = {
			isa = XCConfigurationList;
			buildConfigurations = (
				80F45F2D22D3B76A0043FA2E /* Debug */,
				80F45F2E22D3B76A0043FA2E /* Release */,
			);
			defaultConfigurationIsVisible = 0;
			defaultConfigurationName = Release;
		};
/* End XCConfigurationList section */
	};
	rootObject = 80F45EF622D3B7680043FA2E /* Project object */;
}
